
Microsoft Visual Studio Solution File, Format Version 12.00
# Visual Studio Version 17
VisualStudioVersion = 17.9.34728.123
MinimumVisualStudioVersion = 10.0.40219.1
Project("{9A19103F-16F7-4668-BE54-9A1E7A4F7556}") = "StudentWebApp", "StudentWebApp\StudentWebApp.csproj", "{EBC661D9-707A-4144-8665-C2FC39410C0B}"
EndProject
Project("{9A19103F-16F7-4668-BE54-9A1E7A4F7556}") = "StudentWebApp2", "StudentWebApp2\StudentWebApp2.csproj", "{EC0768E9-1BF8-4A76-8AAA-ABFCB59EEC0E}"
EndProject
Project("{FAE04EC0-301F-11D3-BF4B-00C04F79EFBC}") = "StudentWebApp.DataAccess", "Student.DataAccess\StudentWebApp.DataAccess.csproj", "{8E0978E9-C46E-451B-97E1-B8A7025F2B58}"
EndProject
Project("{FAE04EC0-301F-11D3-BF4B-00C04F79EFBC}") = "StudentWebApp.Models", "Student.Models\StudentWebApp.Models.csproj", "{1B3A6EB6-4D44-4745-A9EB-DC5A746AC6A9}"
EndProject
Project("{FAE04EC0-301F-11D3-BF4B-00C04F79EFBC}") = "StudentWebApp.Utility", "Student.Utility\StudentWebApp.Utility.csproj", "{DBD4C305-F8F7-4C8A-B8C8-BFAC21A657B7}"
EndProject
Global
	GlobalSection(SolutionConfigurationPlatforms) = preSolution
		Debug|Any CPU = Debug|Any CPU
		Release|Any CPU = Release|Any CPU
	EndGlobalSection
	GlobalSection(ProjectConfigurationPlatforms) = postSolution
		{EBC661D9-707A-4144-8665-C2FC39410C0B}.Debug|Any CPU.ActiveCfg = Debug|Any CPU
		{EBC661D9-707A-4144-8665-C2FC39410C0B}.Debug|Any CPU.Build.0 = Debug|Any CPU
		{EBC661D9-707A-4144-8665-C2FC39410C0B}.Release|Any CPU.ActiveCfg = Release|Any CPU
		{EBC661D9-707A-4144-8665-C2FC39410C0B}.Release|Any CPU.Build.0 = Release|Any CPU
		{EC0768E9-1BF8-4A76-8AAA-ABFCB59EEC0E}.Debug|Any CPU.ActiveCfg = Debug|Any CPU
		{EC0768E9-1BF8-4A76-8AAA-ABFCB59EEC0E}.Debug|Any CPU.Build.0 = Debug|Any CPU
		{EC0768E9-1BF8-4A76-8AAA-ABFCB59EEC0E}.Release|Any CPU.ActiveCfg = Release|Any CPU
		{EC0768E9-1BF8-4A76-8AAA-ABFCB59EEC0E}.Release|Any CPU.Build.0 = Release|Any CPU
		{8E0978E9-C46E-451B-97E1-B8A7025F2B58}.Debug|Any CPU.ActiveCfg = Debug|Any CPU
		{8E0978E9-C46E-451B-97E1-B8A7025F2B58}.Debug|Any CPU.Build.0 = Debug|Any CPU
		{8E0978E9-C46E-451B-97E1-B8A7025F2B58}.Release|Any CPU.ActiveCfg = Release|Any CPU
		{8E0978E9-C46E-451B-97E1-B8A7025F2B58}.Release|Any CPU.Build.0 = Release|Any CPU
		{1B3A6EB6-4D44-4745-A9EB-DC5A746AC6A9}.Debug|Any CPU.ActiveCfg = Debug|Any CPU
		{1B3A6EB6-4D44-4745-A9EB-DC5A746AC6A9}.Debug|Any CPU.Build.0 = Debug|Any CPU
		{1B3A6EB6-4D44-4745-A9EB-DC5A746AC6A9}.Release|Any CPU.ActiveCfg = Release|Any CPU
		{1B3A6EB6-4D44-4745-A9EB-DC5A746AC6A9}.Release|Any CPU.Build.0 = Release|Any CPU
		{DBD4C305-F8F7-4C8A-B8C8-BFAC21A657B7}.Debug|Any CPU.ActiveCfg = Debug|Any CPU
		{DBD4C305-F8F7-4C8A-B8C8-BFAC21A657B7}.Debug|Any CPU.Build.0 = Debug|Any CPU
		{DBD4C305-F8F7-4C8A-B8C8-BFAC21A657B7}.Release|Any CPU.ActiveCfg = Release|Any CPU
		{DBD4C305-F8F7-4C8A-B8C8-BFAC21A657B7}.Release|Any CPU.Build.0 = Release|Any CPU
	EndGlobalSection
	GlobalSection(SolutionProperties) = preSolution
		HideSolutionNode = FALSE
	EndGlobalSection
	GlobalSection(ExtensibilityGlobals) = postSolution
		SolutionGuid = {92200DD8-5686-45A1-A731-E2E2179260E7}
	EndGlobalSection
EndGlobal
